// !$*UTF8*$!
{
	archiveVersion = 1;
	classes = {
	};
	objectVersion = 50;
	objects = {

/* Begin PBXBuildFile section */
		3658A7B923F00EF600C88ABA /* AppDelegate.swift in Sources */ = {isa = PBXBuildFile; fileRef = 3658A7B823F00EF600C88ABA /* AppDelegate.swift */; };
		3658A7BB23F00EF600C88ABA /* SceneDelegate.swift in Sources */ = {isa = PBXBuildFile; fileRef = 3658A7BA23F00EF600C88ABA /* SceneDelegate.swift */; };
		3658A7BD23F00EF600C88ABA /* ViewController.swift in Sources */ = {isa = PBXBuildFile; fileRef = 3658A7BC23F00EF600C88ABA /* ViewController.swift */; };
		3658A7C023F00EF600C88ABA /* Main.storyboard in Resources */ = {isa = PBXBuildFile; fileRef = 3658A7BE23F00EF600C88ABA /* Main.storyboard */; };
		3658A7C223F00EF800C88ABA /* Assets.xcassets in Resources */ = {isa = PBXBuildFile; fileRef = 3658A7C123F00EF800C88ABA /* Assets.xcassets */; };
		3658A7C523F00EF800C88ABA /* LaunchScreen.storyboard in Resources */ = {isa = PBXBuildFile; fileRef = 3658A7C323F00EF800C88ABA /* LaunchScreen.storyboard */; };
		3658A7D023F00EF800C88ABA /* UnitTestTests.swift in Sources */ = {isa = PBXBuildFile; fileRef = 3658A7CF23F00EF800C88ABA /* UnitTestTests.swift */; };
		3658A7DB23F00EF800C88ABA /* UnitTestUITests.swift in Sources */ = {isa = PBXBuildFile; fileRef = 3658A7DA23F00EF800C88ABA /* UnitTestUITests.swift */; };
/* End PBXBuildFile section */

/* Begin PBXContainerItemProxy section */
		3658A7CC23F00EF800C88ABA /* PBXContainerItemProxy */ = {
			isa = PBXContainerItemProxy;
			containerPortal = 3658A7AD23F00EF600C88ABA /* Project object */;
			proxyType = 1;
			remoteGlobalIDString = 3658A7B423F00EF600C88ABA;
			remoteInfo = UnitTest;
		};
		3658A7D723F00EF800C88ABA /* PBXContainerItemProxy */ = {
			isa = PBXContainerItemProxy;
			containerPortal = 3658A7AD23F00EF600C88ABA /* Project object */;
			proxyType = 1;
			remoteGlobalIDString = 3658A7B423F00EF600C88ABA;
			remoteInfo = UnitTest;
		};
/* End PBXContainerItemProxy section */

/* Begin PBXFileReference section */
		3658A7B523F00EF600C88ABA /* UnitTest.app */ = {isa = PBXFileReference; explicitFileType = wrapper.application; includeInIndex = 0; path = UnitTest.app; sourceTree = BUILT_PRODUCTS_DIR; };
		3658A7B823F00EF600C88ABA /* AppDelegate.swift */ = {isa = PBXFileReference; lastKnownFileType = sourcecode.swift; path = AppDelegate.swift; sourceTree = "<group>"; };
		3658A7BA23F00EF600C88ABA /* SceneDelegate.swift */ = {isa = PBXFileReference; lastKnownFileType = sourcecode.swift; path = SceneDelegate.swift; sourceTree = "<group>"; };
		3658A7BC23F00EF600C88ABA /* ViewController.swift */ = {isa = PBXFileReference; lastKnownFileType = sourcecode.swift; path = ViewController.swift; sourceTree = "<group>"; };
		3658A7BF23F00EF600C88ABA /* Base */ = {isa = PBXFileReference; lastKnownFileType = file.storyboard; name = Base; path = Base.lproj/Main.storyboard; sourceTree = "<group>"; };
		3658A7C123F00EF800C88ABA /* Assets.xcassets */ = {isa = PBXFileReference; lastKnownFileType = folder.assetcatalog; path = Assets.xcassets; sourceTree = "<group>"; };
		3658A7C423F00EF800C88ABA /* Base */ = {isa = PBXFileReference; lastKnownFileType = file.storyboard; name = Base; path = Base.lproj/LaunchScreen.storyboard; sourceTree = "<group>"; };
		3658A7C623F00EF800C88ABA /* Info.plist */ = {isa = PBXFileReference; lastKnownFileType = text.plist.xml; path = Info.plist; sourceTree = "<group>"; };
		3658A7CB23F00EF800C88ABA /* UnitTestTests.xctest */ = {isa = PBXFileReference; explicitFileType = wrapper.cfbundle; includeInIndex = 0; path = UnitTestTests.xctest; sourceTree = BUILT_PRODUCTS_DIR; };
		3658A7CF23F00EF800C88ABA /* UnitTestTests.swift */ = {isa = PBXFileReference; lastKnownFileType = sourcecode.swift; path = UnitTestTests.swift; sourceTree = "<group>"; };
		3658A7D123F00EF800C88ABA /* Info.plist */ = {isa = PBXFileReference; lastKnownFileType = text.plist.xml; path = Info.plist; sourceTree = "<group>"; };
		3658A7D623F00EF800C88ABA /* UnitTestUITests.xctest */ = {isa = PBXFileReference; explicitFileType = wrapper.cfbundle; includeInIndex = 0; path = UnitTestUITests.xctest; sourceTree = BUILT_PRODUCTS_DIR; };
		3658A7DA23F00EF800C88ABA /* UnitTestUITests.swift */ = {isa = PBXFileReference; lastKnownFileType = sourcecode.swift; path = UnitTestUITests.swift; sourceTree = "<group>"; };
		3658A7DC23F00EF800C88ABA /* Info.plist */ = {isa = PBXFileReference; lastKnownFileType = text.plist.xml; path = Info.plist; sourceTree = "<group>"; };
/* End PBXFileReference section */

/* Begin PBXFrameworksBuildPhase section */
		3658A7B223F00EF600C88ABA /* Frameworks */ = {
			isa = PBXFrameworksBuildPhase;
			buildActionMask = 2147483647;
			files = (
			);
			runOnlyForDeploymentPostprocessing = 0;
		};
		3658A7C823F00EF800C88ABA /* Frameworks */ = {
			isa = PBXFrameworksBuildPhase;
			buildActionMask = 2147483647;
			files = (
			);
			runOnlyForDeploymentPostprocessing = 0;
		};
		3658A7D323F00EF800C88ABA /* Frameworks */ = {
			isa = PBXFrameworksBuildPhase;
			buildActionMask = 2147483647;
			files = (
			);
			runOnlyForDeploymentPostprocessing = 0;
		};
/* End PBXFrameworksBuildPhase section */

/* Begin PBXGroup section */
		3658A7AC23F00EF600C88ABA = {
			isa = PBXGroup;
			children = (
				3658A7B723F00EF600C88ABA /* UnitTest */,
				3658A7CE23F00EF800C88ABA /* UnitTestTests */,
				3658A7D923F00EF800C88ABA /* UnitTestUITests */,
				3658A7B623F00EF600C88ABA /* Products */,
			);
			sourceTree = "<group>";
		};
		3658A7B623F00EF600C88ABA /* Products */ = {
			isa = PBXGroup;
			children = (
				3658A7B523F00EF600C88ABA /* UnitTest.app */,
				3658A7CB23F00EF800C88ABA /* UnitTestTests.xctest */,
				3658A7D623F00EF800C88ABA /* UnitTestUITests.xctest */,
			);
			name = Products;
			sourceTree = "<group>";
		};
		3658A7B723F00EF600C88ABA /* UnitTest */ = {
			isa = PBXGroup;
			children = (
				3658A7B823F00EF600C88ABA /* AppDelegate.swift */,
				3658A7BA23F00EF600C88ABA /* SceneDelegate.swift */,
				3658A7BC23F00EF600C88ABA /* ViewController.swift */,
				3658A7BE23F00EF600C88ABA /* Main.storyboard */,
				3658A7C123F00EF800C88ABA /* Assets.xcassets */,
				3658A7C323F00EF800C88ABA /* LaunchScreen.storyboard */,
				3658A7C623F00EF800C88ABA /* Info.plist */,
			);
			path = UnitTest;
			sourceTree = "<group>";
		};
		3658A7CE23F00EF800C88ABA /* UnitTestTests */ = {
			isa = PBXGroup;
			children = (
				3658A7CF23F00EF800C88ABA /* UnitTestTests.swift */,
				3658A7D123F00EF800C88ABA /* Info.plist */,
			);
			path = UnitTestTests;
			sourceTree = "<group>";
		};
		3658A7D923F00EF800C88ABA /* UnitTestUITests */ = {
			isa = PBXGroup;
			children = (
				3658A7DA23F00EF800C88ABA /* UnitTestUITests.swift */,
				3658A7DC23F00EF800C88ABA /* Info.plist */,
			);
			path = UnitTestUITests;
			sourceTree = "<group>";
		};
/* End PBXGroup section */

/* Begin PBXNativeTarget section */
		3658A7B423F00EF600C88ABA /* UnitTest */ = {
			isa = PBXNativeTarget;
			buildConfigurationList = 3658A7DF23F00EF800C88ABA /* Build configuration list for PBXNativeTarget "UnitTest" */;
			buildPhases = (
				3658A7B123F00EF600C88ABA /* Sources */,
				3658A7B223F00EF600C88ABA /* Frameworks */,
				3658A7B323F00EF600C88ABA /* Resources */,
			);
			buildRules = (
			);
			dependencies = (
			);
			name = UnitTest;
			productName = UnitTest;
			productReference = 3658A7B523F00EF600C88ABA /* UnitTest.app */;
			productType = "com.apple.product-type.application";
		};
		3658A7CA23F00EF800C88ABA /* UnitTestTests */ = {
			isa = PBXNativeTarget;
			buildConfigurationList = 3658A7E223F00EF800C88ABA /* Build configuration list for PBXNativeTarget "UnitTestTests" */;
			buildPhases = (
				3658A7C723F00EF800C88ABA /* Sources */,
				3658A7C823F00EF800C88ABA /* Frameworks */,
				3658A7C923F00EF800C88ABA /* Resources */,
			);
			buildRules = (
			);
			dependencies = (
				3658A7CD23F00EF800C88ABA /* PBXTargetDependency */,
			);
			name = UnitTestTests;
			productName = UnitTestTests;
			productReference = 3658A7CB23F00EF800C88ABA /* UnitTestTests.xctest */;
			productType = "com.apple.product-type.bundle.unit-test";
		};
		3658A7D523F00EF800C88ABA /* UnitTestUITests */ = {
			isa = PBXNativeTarget;
			buildConfigurationList = 3658A7E523F00EF800C88ABA /* Build configuration list for PBXNativeTarget "UnitTestUITests" */;
			buildPhases = (
				3658A7D223F00EF800C88ABA /* Sources */,
				3658A7D323F00EF800C88ABA /* Frameworks */,
				3658A7D423F00EF800C88ABA /* Resources */,
			);
			buildRules = (
			);
			dependencies = (
				3658A7D823F00EF800C88ABA /* PBXTargetDependency */,
			);
			name = UnitTestUITests;
			productName = UnitTestUITests;
			productReference = 3658A7D623F00EF800C88ABA /* UnitTestUITests.xctest */;
			productType = "com.apple.product-type.bundle.ui-testing";
		};
/* End PBXNativeTarget section */

/* Begin PBXProject section */
		3658A7AD23F00EF600C88ABA /* Project object */ = {
			isa = PBXProject;
			attributes = {
				LastSwiftUpdateCheck = 1130;
				LastUpgradeCheck = 1130;
				ORGANIZATIONNAME = "zhu hao";
				TargetAttributes = {
					3658A7B423F00EF600C88ABA = {
						CreatedOnToolsVersion = 11.3.1;
					};
					3658A7CA23F00EF800C88ABA = {
						CreatedOnToolsVersion = 11.3.1;
						TestTargetID = 3658A7B423F00EF600C88ABA;
					};
					3658A7D523F00EF800C88ABA = {
						CreatedOnToolsVersion = 11.3.1;
						TestTargetID = 3658A7B423F00EF600C88ABA;
					};
				};
			};
			buildConfigurationList = 3658A7B023F00EF600C88ABA /* Build configuration list for PBXProject "UnitTest" */;
			compatibilityVersion = "Xcode 9.3";
			developmentRegion = en;
			hasScannedForEncodings = 0;
			knownRegions = (
				en,
				Base,
			);
			mainGroup = 3658A7AC23F00EF600C88ABA;
			productRefGroup = 3658A7B623F00EF600C88ABA /* Products */;
			projectDirPath = "";
			projectRoot = "";
			targets = (
				3658A7B423F00EF600C88ABA /* UnitTest */,
				3658A7CA23F00EF800C88ABA /* UnitTestTests */,
				3658A7D523F00EF800C88ABA /* UnitTestUITests */,
			);
		};
/* End PBXProject section */

/* Begin PBXResourcesBuildPhase section */
		3658A7B323F00EF600C88ABA /* Resources */ = {
			isa = PBXResourcesBuildPhase;
			buildActionMask = 2147483647;
			files = (
				3658A7C523F00EF800C88ABA /* LaunchScreen.storyboard in Resources */,
				3658A7C223F00EF800C88ABA /* Assets.xcassets in Resources */,
				3658A7C023F00EF600C88ABA /* Main.storyboard in Resources */,
			);
			runOnlyForDeploymentPostprocessing = 0;
		};
		3658A7C923F00EF800C88ABA /* Resources */ = {
			isa = PBXResourcesBuildPhase;
			buildActionMask = 2147483647;
			files = (
			);
			runOnlyForDeploymentPostprocessing = 0;
		};
		3658A7D423F00EF800C88ABA /* Resources */ = {
			isa = PBXResourcesBuildPhase;
			buildActionMask = 2147483647;
			files = (
			);
			runOnlyForDeploymentPostprocessing = 0;
		};
/* End PBXResourcesBuildPhase section */

/* Begin PBXSourcesBuildPhase section */
		3658A7B123F00EF600C88ABA /* Sources */ = {
			isa = PBXSourcesBuildPhase;
			buildActionMask = 2147483647;
			files = (
				3658A7BD23F00EF600C88ABA /* ViewController.swift in Sources */,
				3658A7B923F00EF600C88ABA /* AppDelegate.swift in Sources */,
				3658A7BB23F00EF600C88ABA /* SceneDelegate.swift in Sources */,
			);
			runOnlyForDeploymentPostprocessing = 0;
		};
		3658A7C723F00EF800C88ABA /* Sources */ = {
			isa = PBXSourcesBuildPhase;
			buildActionMask = 2147483647;
			files = (
				3658A7D023F00EF800C88ABA /* UnitTestTests.swift in Sources */,
			);
			runOnlyForDeploymentPostprocessing = 0;
		};
		3658A7D223F00EF800C88ABA /* Sources */ = {
			isa = PBXSourcesBuildPhase;
			buildActionMask = 2147483647;
			files = (
				3658A7DB23F00EF800C88ABA /* UnitTestUITests.swift in Sources */,
			);
			runOnlyForDeploymentPostprocessing = 0;
		};
/* End PBXSourcesBuildPhase section */

/* Begin PBXTargetDependency section */
		3658A7CD23F00EF800C88ABA /* PBXTargetDependency */ = {
			isa = PBXTargetDependency;
			target = 3658A7B423F00EF600C88ABA /* UnitTest */;
			targetProxy = 3658A7CC23F00EF800C88ABA /* PBXContainerItemProxy */;
		};
		3658A7D823F00EF800C88ABA /* PBXTargetDependency */ = {
			isa = PBXTargetDependency;
			target = 3658A7B423F00EF600C88ABA /* UnitTest */;
			targetProxy = 3658A7D723F00EF800C88ABA /* PBXContainerItemProxy */;
		};
/* End PBXTargetDependency section */

/* Begin PBXVariantGroup section */
		3658A7BE23F00EF600C88ABA /* Main.storyboard */ = {
			isa = PBXVariantGroup;
			children = (
				3658A7BF23F00EF600C88ABA /* Base */,
			);
			name = Main.storyboard;
			sourceTree = "<group>";
		};
		3658A7C323F00EF800C88ABA /* LaunchScreen.storyboard */ = {
			isa = PBXVariantGroup;
			children = (
				3658A7C423F00EF800C88ABA /* Base */,
			);
			name = LaunchScreen.storyboard;
			sourceTree = "<group>";
		};
/* End PBXVariantGroup section */

/* Begin XCBuildConfiguration section */
		3658A7DD23F00EF800C88ABA /* Debug */ = {
			isa = XCBuildConfiguration;
			buildSettings = {
				ALWAYS_SEARCH_USER_PATHS = NO;
				CLANG_ANALYZER_NONNULL = YES;
				CLANG_ANALYZER_NUMBER_OBJECT_CONVERSION = YES_AGGRESSIVE;
				CLANG_CXX_LANGUAGE_STANDARD = "gnu++14";
				CLANG_CXX_LIBRARY = "libc++";
				CLANG_ENABLE_MODULES = YES;
				CLANG_ENABLE_OBJC_ARC = YES;
				CLANG_ENABLE_OBJC_WEAK = YES;
				CLANG_WARN_BLOCK_CAPTURE_AUTORELEASING = YES;
				CLANG_WARN_BOOL_CONVERSION = YES;
				CLANG_WARN_COMMA = YES;
				CLANG_WARN_CONSTANT_CONVERSION = YES;
				CLANG_WARN_DEPRECATED_OBJC_IMPLEMENTATIONS = YES;
				CLANG_WARN_DIRECT_OBJC_ISA_USAGE = YES_ERROR;
				CLANG_WARN_DOCUMENTATION_COMMENTS = YES;
				CLANG_WARN_EMPTY_BODY = YES;
				CLANG_WARN_ENUM_CONVERSION = YES;
				CLANG_WARN_INFINITE_RECURSION = YES;
				CLANG_WARN_INT_CONVERSION = YES;
				CLANG_WARN_NON_LITERAL_NULL_CONVERSION = YES;
				CLANG_WARN_OBJC_IMPLICIT_RETAIN_SELF = YES;
				CLANG_WARN_OBJC_LITERAL_CONVERSION = YES;
				CLANG_WARN_OBJC_ROOT_CLASS = YES_ERROR;
				CLANG_WARN_RANGE_LOOP_ANALYSIS = YES;
				CLANG_WARN_STRICT_PROTOTYPES = YES;
				CLANG_WARN_SUSPICIOUS_MOVE = YES;
				CLANG_WARN_UNGUARDED_AVAILABILITY = YES_AGGRESSIVE;
				CLANG_WARN_UNREACHABLE_CODE = YES;
				CLANG_WARN__DUPLICATE_METHOD_MATCH = YES;
				COPY_PHASE_STRIP = NO;
				DEBUG_INFORMATION_FORMAT = dwarf;
				ENABLE_STRICT_OBJC_MSGSEND = YES;
				ENABLE_TESTABILITY = YES;
				GCC_C_LANGUAGE_STANDARD = gnu11;
				GCC_DYNAMIC_NO_PIC = NO;
				GCC_NO_COMMON_BLOCKS = YES;
				GCC_OPTIMIZATION_LEVEL = 0;
				GCC_PREPROCESSOR_DEFINITIONS = (
					"DEBUG=1",
					"$(inherited)",
				);
				GCC_WARN_64_TO_32_BIT_CONVERSION = YES;
				GCC_WARN_ABOUT_RETURN_TYPE = YES_ERROR;
				GCC_WARN_UNDECLARED_SELECTOR = YES;
				GCC_WARN_UNINITIALIZED_AUTOS = YES_AGGRESSIVE;
				GCC_WARN_UNUSED_FUNCTION = YES;
				GCC_WARN_UNUSED_VARIABLE = YES;
				IPHONEOS_DEPLOYMENT_TARGET = 13.2;
				MTL_ENABLE_DEBUG_INFO = INCLUDE_SOURCE;
				MTL_FAST_MATH = YES;
				ONLY_ACTIVE_ARCH = YES;
				SDKROOT = iphoneos;
				SWIFT_ACTIVE_COMPILATION_CONDITIONS = DEBUG;
				SWIFT_OPTIMIZATION_LEVEL = "-Onone";
			};
			name = Debug;
		};
		3658A7DE23F00EF800C88ABA /* Release */ = {
			isa = XCBuildConfiguration;
			buildSettings = {
				ALWAYS_SEARCH_USER_PATHS = NO;
				CLANG_ANALYZER_NONNULL = YES;
				CLANG_ANALYZER_NUMBER_OBJECT_CONVERSION = YES_AGGRESSIVE;
				CLANG_CXX_LANGUAGE_STANDARD = "gnu++14";
				CLANG_CXX_LIBRARY = "libc++";
				CLANG_ENABLE_MODULES = YES;
				CLANG_ENABLE_OBJC_ARC = YES;
				CLANG_ENABLE_OBJC_WEAK = YES;
				CLANG_WARN_BLOCK_CAPTURE_AUTORELEASING = YES;
				CLANG_WARN_BOOL_CONVERSION = YES;
				CLANG_WARN_COMMA = YES;
				CLANG_WARN_CONSTANT_CONVERSION = YES;
				CLANG_WARN_DEPRECATED_OBJC_IMPLEMENTATIONS = YES;
				CLANG_WARN_DIRECT_OBJC_ISA_USAGE = YES_ERROR;
				CLANG_WARN_DOCUMENTATION_COMMENTS = YES;
				CLANG_WARN_EMPTY_BODY = YES;
				CLANG_WARN_ENUM_CONVERSION = YES;
				CLANG_WARN_INFINITE_RECURSION = YES;
				CLANG_WARN_INT_CONVERSION = YES;
				CLANG_WARN_NON_LITERAL_NULL_CONVERSION = YES;
				CLANG_WARN_OBJC_IMPLICIT_RETAIN_SELF = YES;
				CLANG_WARN_OBJC_LITERAL_CONVERSION = YES;
				CLANG_WARN_OBJC_ROOT_CLASS = YES_ERROR;
				CLANG_WARN_RANGE_LOOP_ANALYSIS = YES;
				CLANG_WARN_STRICT_PROTOTYPES = YES;
				CLANG_WARN_SUSPICIOUS_MOVE = YES;
				CLANG_WARN_UNGUARDED_AVAILABILITY = YES_AGGRESSIVE;
				CLANG_WARN_UNREACHABLE_CODE = YES;
				CLANG_WARN__DUPLICATE_METHOD_MATCH = YES;
				COPY_PHASE_STRIP = NO;
				DEBUG_INFORMATION_FORMAT = "dwarf-with-dsym";
				ENABLE_NS_ASSERTIONS = NO;
				ENABLE_STRICT_OBJC_MSGSEND = YES;
				GCC_C_LANGUAGE_STANDARD = gnu11;
				GCC_NO_COMMON_BLOCKS = YES;
				GCC_WARN_64_TO_32_BIT_CONVERSION = YES;
				GCC_WARN_ABOUT_RETURN_TYPE = YES_ERROR;
				GCC_WARN_UNDECLARED_SELECTOR = YES;
				GCC_WARN_UNINITIALIZED_AUTOS = YES_AGGRESSIVE;
				GCC_WARN_UNUSED_FUNCTION = YES;
				GCC_WARN_UNUSED_VARIABLE = YES;
				IPHONEOS_DEPLOYMENT_TARGET = 13.2;
				MTL_ENABLE_DEBUG_INFO = NO;
				MTL_FAST_MATH = YES;
				SDKROOT = iphoneos;
				SWIFT_COMPILATION_MODE = wholemodule;
				SWIFT_OPTIMIZATION_LEVEL = "-O";
				VALIDATE_PRODUCT = YES;
			};
			name = Release;
		};
		3658A7E023F00EF800C88ABA /* Debug */ = {
			isa = XCBuildConfiguration;
			buildSettings = {
				ASSETCATALOG_COMPILER_APPICON_NAME = AppIcon;
				CODE_SIGN_STYLE = Automatic;
				INFOPLIST_FILE = UnitTest/Info.plist;
				LD_RUNPATH_SEARCH_PATHS = (
					"$(inherited)",
					"@executable_path/Frameworks",
				);
				PRODUCT_BUNDLE_IDENTIFIER = KSJGS.UnitTest;
				PRODUCT_NAME = "$(TARGET_NAME)";
				SWIFT_VERSION = 5.0;
				TARGETED_DEVICE_FAMILY = "1,2";
			};
			name = Debug;
		};
		3658A7E123F00EF800C88ABA /* Release */ = {
			isa = XCBuildConfiguration;
			buildSettings = {
				ASSETCATALOG_COMPILER_APPICON_NAME = AppIcon;
				CODE_SIGN_STYLE = Automatic;
				INFOPLIST_FILE = UnitTest/Info.plist;
				LD_RUNPATH_SEARCH_PATHS = (
					"$(inherited)",
					"@executable_path/Frameworks",
				);
				PRODUCT_BUNDLE_IDENTIFIER = KSJGS.UnitTest;
				PRODUCT_NAME = "$(TARGET_NAME)";
				SWIFT_VERSION = 5.0;
				TARGETED_DEVICE_FAMILY = "1,2";
			};
			name = Release;
		};
		3658A7E323F00EF800C88ABA /* Debug */ = {
			isa = XCBuildConfiguration;
			buildSettings = {
				ALWAYS_EMBED_SWIFT_STANDARD_LIBRARIES = YES;
				BUNDLE_LOADER = "$(TEST_HOST)";
				CODE_SIGN_STYLE = Automatic;
				INFOPLIST_FILE = UnitTestTests/Info.plist;
				IPHONEOS_DEPLOYMENT_TARGET = 13.2;
				LD_RUNPATH_SEARCH_PATHS = (
					"$(inherited)",
					"@executable_path/Frameworks",
					"@loader_path/Frameworks",
				);
				PRODUCT_BUNDLE_IDENTIFIER = KSJGS.UnitTestTests;
				PRODUCT_NAME = "$(TARGET_NAME)";
				SWIFT_VERSION = 5.0;
				TARGETED_DEVICE_FAMILY = "1,2";
				TEST_HOST = "$(BUILT_PRODUCTS_DIR)/UnitTest.app/UnitTest";
			};
			name = Debug;
		};
		3658A7E423F00EF800C88ABA /* Release */ = {
			isa = XCBuildConfiguration;
			buildSettings = {
				ALWAYS_EMBED_SWIFT_STANDARD_LIBRARIES = YES;
				BUNDLE_LOADER = "$(TEST_HOST)";
				CODE_SIGN_STYLE = Automatic;
				INFOPLIST_FILE = UnitTestTests/Info.plist;
				IPHONEOS_DEPLOYMENT_TARGET = 13.2;
				LD_RUNPATH_SEARCH_PATHS = (
					"$(inherited)",
					"@executable_path/Frameworks",
					"@loader_path/Frameworks",
				);
				PRODUCT_BUNDLE_IDENTIFIER = KSJGS.UnitTestTests;
				PRODUCT_NAME = "$(TARGET_NAME)";
				SWIFT_VERSION = 5.0;
				TARGETED_DEVICE_FAMILY = "1,2";
				TEST_HOST = "$(BUILT_PRODUCTS_DIR)/UnitTest.app/UnitTest";
			};
			name = Release;
		};
		3658A7E623F00EF800C88ABA /* Debug */ = {
			isa = XCBuildConfiguration;
			buildSettings = {
				ALWAYS_EMBED_SWIFT_STANDARD_LIBRARIES = YES;
				CODE_SIGN_STYLE = Automatic;
				INFOPLIST_FILE = UnitTestUITests/Info.plist;
				LD_RUNPATH_SEARCH_PATHS = (
					"$(inherited)",
					"@executable_path/Frameworks",
					"@loader_path/Frameworks",
				);
				PRODUCT_BUNDLE_IDENTIFIER = KSJGS.UnitTestUITests;
				PRODUCT_NAME = "$(TARGET_NAME)";
				SWIFT_VERSION = 5.0;
				TARGETED_DEVICE_FAMILY = "1,2";
				TEST_TARGET_NAME = UnitTest;
			};
			name = Debug;
		};
		3658A7E723F00EF800C88ABA /* Release */ = {
			isa = XCBuildConfiguration;
			buildSettings = {
				ALWAYS_EMBED_SWIFT_STANDARD_LIBRARIES = YES;
				CODE_SIGN_STYLE = Automatic;
				INFOPLIST_FILE = UnitTestUITests/Info.plist;
				LD_RUNPATH_SEARCH_PATHS = (
					"$(inherited)",
					"@executable_path/Frameworks",
					"@loader_path/Frameworks",
				);
				PRODUCT_BUNDLE_IDENTIFIER = KSJGS.UnitTestUITests;
				PRODUCT_NAME = "$(TARGET_NAME)";
				SWIFT_VERSION = 5.0;
				TARGETED_DEVICE_FAMILY = "1,2";
				TEST_TARGET_NAME = UnitTest;
			};
			name = Release;
		};
/* End XCBuildConfiguration section */

/* Begin XCConfigurationList section */
		3658A7B023F00EF600C88ABA /* Build configuration list for PBXProject "UnitTest" */ = {
			isa = XCConfigurationList;
			buildConfigurations = (
				3658A7DD23F00EF800C88ABA /* Debug */,
				3658A7DE23F00EF800C88ABA /* Release */,
			);
			defaultConfigurationIsVisible = 0;
			defaultConfigurationName = Release;
		};
		3658A7DF23F00EF800C88ABA /* Build configuration list for PBXNativeTarget "UnitTest" */ = {
			isa = XCConfigurationList;
			buildConfigurations = (
				3658A7E023F00EF800C88ABA /* Debug */,
				3658A7E123F00EF800C88ABA /* Release */,
			);
			defaultConfigurationIsVisible = 0;
			defaultConfigurationName = Release;
		};
		3658A7E223F00EF800C88ABA /* Build configuration list for PBXNativeTarget "UnitTestTests" */ = {
			isa = XCConfigurationList;
			buildConfigurations = (
				3658A7E323F00EF800C88ABA /* Debug */,
				3658A7E423F00EF800C88ABA /* Release */,
			);
			defaultConfigurationIsVisible = 0;
			defaultConfigurationName = Release;
		};
		3658A7E523F00EF800C88ABA /* Build configuration list for PBXNativeTarget "UnitTestUITests" */ = {
			isa = XCConfigurationList;
			buildConfigurations = (
				3658A7E623F00EF800C88ABA /* Debug */,
				3658A7E723F00EF800C88ABA /* Release */,
			);
			defaultConfigurationIsVisible = 0;
			defaultConfigurationName = Release;
		};
/* End XCConfigurationList section */
	};
	rootObject = 3658A7AD23F00EF600C88ABA /* Project object */;
}
